Microsoft Visual Studio Solution File, Format Version 12.00
# Visual Studio 15
VisualStudioVersion = 15.0.26403.7
MinimumVisualStudioVersion = 10.0.40219.1
Project("{2150E333-8FDC-42A3-9474-1A3956D46DE8}") = "src", "src", "{F59900A1-244C-47F1-A423-B324EECE6CC4}"
EndProject
Project("{FAE04EC0-301F-11D3-BF4B-00C04F79EFBC}") = "Articles", "src\Articles\Articles.csproj", "{07EB5875-31C9-499B-BA5A-00E83432DAD8}"
EndProject
Project("{2150E333-8FDC-42A3-9474-1A3956D46DE8}") = "test", "test", "{49AA160F-B5D1-4596-8BCF-D300F83CC1EA}"
EndProject
Project("{FAE04EC0-301F-11D3-BF4B-00C04F79EFBC}") = "TestLibrary", "TestLibrary\TestLibrary.csproj", "{2F425228-F34D-4424-8100-90552D216A77}"
EndProject
Project("{2150E333-8FDC-42A3-9474-1A3956D46DE8}") = "Backup", "Backup", "{1645B715-5349-4BB7-B8A4-D9FE6B14F6C1}"
EndProject
Project("{2150E333-8FDC-42A3-9474-1A3956D46DE8}") = "src", "src", "{1AC3B749-1F4B-413F-946B-62576F74D7B7}"
EndProject
Project("{FAE04EC0-301F-11D3-BF4B-00C04F79EFBC}") = "Articles", "Backup\src\Articles\Articles.csproj", "{313988CB-3A72-4AE0-BA24-E5F8F622BB76}"
EndProject
Project("{FAE04EC0-301F-11D3-BF4B-00C04F79EFBC}") = "TestLibrary", "Backup\TestLibrary\TestLibrary.csproj", "{36110E27-9B68-4B3C-B643-81642C9511D1}"
EndProject
Global
	GlobalSection(SolutionConfigurationPlatforms) = preSolution
		Debug|Any CPU = Debug|Any CPU
		Debug|x64 = Debug|x64
		Debug|x86 = Debug|x86
		Release|Any CPU = Release|Any CPU
		Release|x64 = Release|x64
		Release|x86 = Release|x86
	EndGlobalSection
	GlobalSection(ProjectConfigurationPlatforms) = postSolution
		{07EB5875-31C9-499B-BA5A-00E83432DAD8}.Debug|Any CPU.ActiveCfg = Debug|Any CPU
		{07EB5875-31C9-499B-BA5A-00E83432DAD8}.Debug|Any CPU.Build.0 = Debug|Any CPU
		{07EB5875-31C9-499B-BA5A-00E83432DAD8}.Debug|x64.ActiveCfg = Debug|Any CPU
		{07EB5875-31C9-499B-BA5A-00E83432DAD8}.Debug|x86.ActiveCfg = Debug|Any CPU
		{07EB5875-31C9-499B-BA5A-00E83432DAD8}.Release|Any CPU.ActiveCfg = Release|Any CPU
		{07EB5875-31C9-499B-BA5A-00E83432DAD8}.Release|Any CPU.Build.0 = Release|Any CPU
		{07EB5875-31C9-499B-BA5A-00E83432DAD8}.Release|x64.ActiveCfg = Release|Any CPU
		{07EB5875-31C9-499B-BA5A-00E83432DAD8}.Release|x86.ActiveCfg = Release|Any CPU
		{2F425228-F34D-4424-8100-90552D216A77}.Debug|Any CPU.ActiveCfg = Debug|Any CPU
		{2F425228-F34D-4424-8100-90552D216A77}.Debug|Any CPU.Build.0 = Debug|Any CPU
		{2F425228-F34D-4424-8100-90552D216A77}.Debug|x64.ActiveCfg = Debug|Any CPU
		{2F425228-F34D-4424-8100-90552D216A77}.Debug|x86.ActiveCfg = Debug|Any CPU
		{2F425228-F34D-4424-8100-90552D216A77}.Release|Any CPU.ActiveCfg = Release|Any CPU
		{2F425228-F34D-4424-8100-90552D216A77}.Release|Any CPU.Build.0 = Release|Any CPU
		{2F425228-F34D-4424-8100-90552D216A77}.Release|x64.ActiveCfg = Release|Any CPU
		{2F425228-F34D-4424-8100-90552D216A77}.Release|x86.ActiveCfg = Release|Any CPU
		{313988CB-3A72-4AE0-BA24-E5F8F622BB76}.Debug|Any CPU.ActiveCfg = Debug|Any CPU
		{313988CB-3A72-4AE0-BA24-E5F8F622BB76}.Debug|Any CPU.Build.0 = Debug|Any CPU
		{313988CB-3A72-4AE0-BA24-E5F8F622BB76}.Debug|x64.ActiveCfg = Debug|Any CPU
		{313988CB-3A72-4AE0-BA24-E5F8F622BB76}.Debug|x64.Build.0 = Debug|Any CPU
		{313988CB-3A72-4AE0-BA24-E5F8F622BB76}.Debug|x86.ActiveCfg = Debug|Any CPU
		{313988CB-3A72-4AE0-BA24-E5F8F622BB76}.Debug|x86.Build.0 = Debug|Any CPU
		{313988CB-3A72-4AE0-BA24-E5F8F622BB76}.Release|Any CPU.ActiveCfg = Release|Any CPU
		{313988CB-3A72-4AE0-BA24-E5F8F622BB76}.Release|Any CPU.Build.0 = Release|Any CPU
		{313988CB-3A72-4AE0-BA24-E5F8F622BB76}.Release|x64.ActiveCfg = Release|Any CPU
		{313988CB-3A72-4AE0-BA24-E5F8F622BB76}.Release|x64.Build.0 = Release|Any CPU
		{313988CB-3A72-4AE0-BA24-E5F8F622BB76}.Release|x86.ActiveCfg = Release|Any CPU
		{313988CB-3A72-4AE0-BA24-E5F8F622BB76}.Release|x86.Build.0 = Release|Any CPU
		{36110E27-9B68-4B3C-B643-81642C9511D1}.Debug|Any CPU.ActiveCfg = Debug|Any CPU
		{36110E27-9B68-4B3C-B643-81642C9511D1}.Debug|Any CPU.Build.0 = Debug|Any CPU
		{36110E27-9B68-4B3C-B643-81642C9511D1}.Debug|x64.ActiveCfg = Debug|Any CPU
		{36110E27-9B68-4B3C-B643-81642C9511D1}.Debug|x64.Build.0 = Debug|Any CPU
		{36110E27-9B68-4B3C-B643-81642C9511D1}.Debug|x86.ActiveCfg = Debug|Any CPU
		{36110E27-9B68-4B3C-B643-81642C9511D1}.Debug|x86.Build.0 = Debug|Any CPU
		{36110E27-9B68-4B3C-B643-81642C9511D1}.Release|Any CPU.ActiveCfg = Release|Any CPU
		{36110E27-9B68-4B3C-B643-81642C9511D1}.Release|Any CPU.Build.0 = Release|Any CPU
		{36110E27-9B68-4B3C-B643-81642C9511D1}.Release|x64.ActiveCfg = Release|Any CPU
		{36110E27-9B68-4B3C-B643-81642C9511D1}.Release|x64.Build.0 = Release|Any CPU
		{36110E27-9B68-4B3C-B643-81642C9511D1}.Release|x86.ActiveCfg = Release|Any CPU
		{36110E27-9B68-4B3C-B643-81642C9511D1}.Release|x86.Build.0 = Release|Any CPU
	EndGlobalSection
	GlobalSection(SolutionProperties) = preSolution
		HideSolutionNode = FALSE
	EndGlobalSection
	GlobalSection(NestedProjects) = preSolution
		{07EB5875-31C9-499B-BA5A-00E83432DAD8} = {F59900A1-244C-47F1-A423-B324EECE6CC4}
		{2F425228-F34D-4424-8100-90552D216A77} = {49AA160F-B5D1-4596-8BCF-D300F83CC1EA}
		{1AC3B749-1F4B-413F-946B-62576F74D7B7} = {1645B715-5349-4BB7-B8A4-D9FE6B14F6C1}
		{313988CB-3A72-4AE0-BA24-E5F8F622BB76} = {1AC3B749-1F4B-413F-946B-62576F74D7B7}
		{36110E27-9B68-4B3C-B643-81642C9511D1} = {1645B715-5349-4BB7-B8A4-D9FE6B14F6C1}
	EndGlobalSection
EndGlobal
