Microsoft Visual Studio Solution File, Format Version 12.00
# Visual Studio 15
VisualStudioVersion = 15.0.26403.7
MinimumVisualStudioVersion = 10.0.40219.1
Project("{2150E333-8FDC-42A3-9474-1A3956D46DE8}") = "src", "src", "{F59900A1-244C-47F1-A423-B324EECE6CC4}"
EndProject
Project("{FAE04EC0-301F-11D3-BF4B-00C04F79EFBC}") = "Articles", "src\Articles\Articles.csproj", "{07EB5875-31C9-499B-BA5A-00E83432DAD8}"
EndProject
Project("{2150E333-8FDC-42A3-9474-1A3956D46DE8}") = "test", "test", "{49AA160F-B5D1-4596-8BCF-D300F83CC1EA}"
EndProject
Project("{FAE04EC0-301F-11D3-BF4B-00C04F79EFBC}") = "TestLibrary", "TestLibrary\TestLibrary.csproj", "{2F425228-F34D-4424-8100-90552D216A77}"
EndProject
Global
	GlobalSection(SolutionConfigurationPlatforms) = preSolution
		Debug|Any CPU = Debug|Any CPU
		Debug|x64 = Debug|x64
		Debug|x86 = Debug|x86
		Release|Any CPU = Release|Any CPU
		Release|x64 = Release|x64
		Release|x86 = Release|x86
	EndGlobalSection
	GlobalSection(ProjectConfigurationPlatforms) = postSolution
		{07EB5875-31C9-499B-BA5A-00E83432DAD8}.Debug|Any CPU.ActiveCfg = Debug|Any CPU
		{07EB5875-31C9-499B-BA5A-00E83432DAD8}.Debug|Any CPU.Build.0 = Debug|Any CPU
		{07EB5875-31C9-499B-BA5A-00E83432DAD8}.Debug|x64.ActiveCfg = Debug|Any CPU
		{07EB5875-31C9-499B-BA5A-00E83432DAD8}.Debug|x86.ActiveCfg = Debug|Any CPU
		{07EB5875-31C9-499B-BA5A-00E83432DAD8}.Release|Any CPU.ActiveCfg = Release|Any CPU
		{07EB5875-31C9-499B-BA5A-00E83432DAD8}.Release|Any CPU.Build.0 = Release|Any CPU
		{07EB5875-31C9-499B-BA5A-00E83432DAD8}.Release|x64.ActiveCfg = Release|Any CPU
		{07EB5875-31C9-499B-BA5A-00E83432DAD8}.Release|x86.ActiveCfg = Release|Any CPU
		{2F425228-F34D-4424-8100-90552D216A77}.Debug|Any CPU.ActiveCfg = Debug|Any CPU
		{2F425228-F34D-4424-8100-90552D216A77}.Debug|Any CPU.Build.0 = Debug|Any CPU
		{2F425228-F34D-4424-8100-90552D216A77}.Debug|x64.ActiveCfg = Debug|Any CPU
		{2F425228-F34D-4424-8100-90552D216A77}.Debug|x86.ActiveCfg = Debug|Any CPU
		{2F425228-F34D-4424-8100-90552D216A77}.Release|Any CPU.ActiveCfg = Release|Any CPU
		{2F425228-F34D-4424-8100-90552D216A77}.Release|Any CPU.Build.0 = Release|Any CPU
		{2F425228-F34D-4424-8100-90552D216A77}.Release|x64.ActiveCfg = Release|Any CPU
		{2F425228-F34D-4424-8100-90552D216A77}.Release|x86.ActiveCfg = Release|Any CPU
	EndGlobalSection
	GlobalSection(SolutionProperties) = preSolution
		HideSolutionNode = FALSE
	EndGlobalSection
	GlobalSection(NestedProjects) = preSolution
		{07EB5875-31C9-499B-BA5A-00E83432DAD8} = {F59900A1-244C-47F1-A423-B324EECE6CC4}
		{2F425228-F34D-4424-8100-90552D216A77} = {49AA160F-B5D1-4596-8BCF-D300F83CC1EA}
	EndGlobalSection
EndGlobal
